// !$*UTF8*$!
{
	archiveVersion = 1;
	classes = {
	};
	objectVersion = 46;
	objects = {

/* Begin PBXBuildFile section */
		2C10532A19EF5A11009BB4B3 /* main.m in Sources */ = {isa = PBXBuildFile; fileRef = 2C10532919EF5A11009BB4B3 /* main.m */; };
		2C10532D19EF5A11009BB4B3 /* AppDelegate.m in Sources */ = {isa = PBXBuildFile; fileRef = 2C10532C19EF5A11009BB4B3 /* AppDelegate.m */; };
		2C10533019EF5A11009BB4B3 /* ViewController.m in Sources */ = {isa = PBXBuildFile; fileRef = 2C10532F19EF5A11009BB4B3 /* ViewController.m */; };
		2C10533319EF5A11009BB4B3 /* Main.storyboard in Resources */ = {isa = PBXBuildFile; fileRef = 2C10533119EF5A11009BB4B3 /* Main.storyboard */; };
		2C10533519EF5A11009BB4B3 /* Images.xcassets in Resources */ = {isa = PBXBuildFile; fileRef = 2C10533419EF5A11009BB4B3 /* Images.xcassets */; };
		2C10533819EF5A11009BB4B3 /* LaunchScreen.xib in Resources */ = {isa = PBXBuildFile; fileRef = 2C10533619EF5A11009BB4B3 /* LaunchScreen.xib */; };
		2C10534419EF5A11009BB4B3 /* FileLoggerTests.m in Sources */ = {isa = PBXBuildFile; fileRef = 2C10534319EF5A11009BB4B3 /* FileLoggerTests.m */; };
		2C10535019EF5C44009BB4B3 /* FileLog.m in Sources */ = {isa = PBXBuildFile; fileRef = 2C10534F19EF5C44009BB4B3 /* FileLog.m */; };
/* End PBXBuildFile section */

/* Begin PBXContainerItemProxy section */
		2C10533E19EF5A11009BB4B3 /* PBXContainerItemProxy */ = {
			isa = PBXContainerItemProxy;
			containerPortal = 2C10531C19EF5A11009BB4B3 /* Project object */;
			proxyType = 1;
			remoteGlobalIDString = 2C10532319EF5A11009BB4B3;
			remoteInfo = FileLogger;
		};
/* End PBXContainerItemProxy section */

/* Begin PBXFileReference section */
		2C10532419EF5A11009BB4B3 /* FileLogger.app */ = {isa = PBXFileReference; explicitFileType = wrapper.application; includeInIndex = 0; path = FileLogger.app; sourceTree = BUILT_PRODUCTS_DIR; };
		2C10532819EF5A11009BB4B3 /* Info.plist */ = {isa = PBXFileReference; lastKnownFileType = text.plist.xml; path = Info.plist; sourceTree = "<group>"; };
		2C10532919EF5A11009BB4B3 /* main.m */ = {isa = PBXFileReference; lastKnownFileType = sourcecode.c.objc; path = main.m; sourceTree = "<group>"; };
		2C10532B19EF5A11009BB4B3 /* AppDelegate.h */ = {isa = PBXFileReference; lastKnownFileType = sourcecode.c.h; path = AppDelegate.h; sourceTree = "<group>"; };
		2C10532C19EF5A11009BB4B3 /* AppDelegate.m */ = {isa = PBXFileReference; lastKnownFileType = sourcecode.c.objc; path = AppDelegate.m; sourceTree = "<group>"; };
		2C10532E19EF5A11009BB4B3 /* ViewController.h */ = {isa = PBXFileReference; lastKnownFileType = sourcecode.c.h; path = ViewController.h; sourceTree = "<group>"; };
		2C10532F19EF5A11009BB4B3 /* ViewController.m */ = {isa = PBXFileReference; lastKnownFileType = sourcecode.c.objc; path = ViewController.m; sourceTree = "<group>"; };
		2C10533219EF5A11009BB4B3 /* Base */ = {isa = PBXFileReference; lastKnownFileType = file.storyboard; name = Base; path = Base.lproj/Main.storyboard; sourceTree = "<group>"; };
		2C10533419EF5A11009BB4B3 /* Images.xcassets */ = {isa = PBXFileReference; lastKnownFileType = folder.assetcatalog; path = Images.xcassets; sourceTree = "<group>"; };
		2C10533719EF5A11009BB4B3 /* Base */ = {isa = PBXFileReference; lastKnownFileType = file.xib; name = Base; path = Base.lproj/LaunchScreen.xib; sourceTree = "<group>"; };
		2C10533D19EF5A11009BB4B3 /* FileLoggerTests.xctest */ = {isa = PBXFileReference; explicitFileType = wrapper.cfbundle; includeInIndex = 0; path = FileLoggerTests.xctest; sourceTree = BUILT_PRODUCTS_DIR; };
		2C10534219EF5A11009BB4B3 /* Info.plist */ = {isa = PBXFileReference; lastKnownFileType = text.plist.xml; path = Info.plist; sourceTree = "<group>"; };
		2C10534319EF5A11009BB4B3 /* FileLoggerTests.m */ = {isa = PBXFileReference; lastKnownFileType = sourcecode.c.objc; path = FileLoggerTests.m; sourceTree = "<group>"; };
		2C10534D19EF5BA5009BB4B3 /* DLog.h */ = {isa = PBXFileReference; fileEncoding = 4; lastKnownFileType = sourcecode.c.h; path = DLog.h; sourceTree = "<group>"; };
		2C10534E19EF5C44009BB4B3 /* FileLog.h */ = {isa = PBXFileReference; fileEncoding = 4; lastKnownFileType = sourcecode.c.h; name = FileLog.h; path = FileLog/FileLog.h; sourceTree = "<group>"; };
		2C10534F19EF5C44009BB4B3 /* FileLog.m */ = {isa = PBXFileReference; fileEncoding = 4; lastKnownFileType = sourcecode.c.objc; name = FileLog.m; path = FileLog/FileLog.m; sourceTree = "<group>"; };
/* End PBXFileReference section */

/* Begin PBXFrameworksBuildPhase section */
		2C10532119EF5A11009BB4B3 /* Frameworks */ = {
			isa = PBXFrameworksBuildPhase;
			buildActionMask = 2147483647;
			files = (
			);
			runOnlyForDeploymentPostprocessing = 0;
		};
		2C10533A19EF5A11009BB4B3 /* Frameworks */ = {
			isa = PBXFrameworksBuildPhase;
			buildActionMask = 2147483647;
			files = (
			);
			runOnlyForDeploymentPostprocessing = 0;
		};
/* End PBXFrameworksBuildPhase section */

/* Begin PBXGroup section */
		2C10531B19EF5A11009BB4B3 = {
			isa = PBXGroup;
			children = (
				2C10532619EF5A11009BB4B3 /* FileLogger */,
				2C10534019EF5A11009BB4B3 /* FileLoggerTests */,
				2C10532519EF5A11009BB4B3 /* Products */,
			);
			sourceTree = "<group>";
		};
		2C10532519EF5A11009BB4B3 /* Products */ = {
			isa = PBXGroup;
			children = (
				2C10532419EF5A11009BB4B3 /* FileLogger.app */,
				2C10533D19EF5A11009BB4B3 /* FileLoggerTests.xctest */,
			);
			name = Products;
			sourceTree = "<group>";
		};
		2C10532619EF5A11009BB4B3 /* FileLogger */ = {
			isa = PBXGroup;
			children = (
				2C10534D19EF5BA5009BB4B3 /* DLog.h */,
				2C10532B19EF5A11009BB4B3 /* AppDelegate.h */,
				2C10532C19EF5A11009BB4B3 /* AppDelegate.m */,
				2C10532E19EF5A11009BB4B3 /* ViewController.h */,
				2C10532F19EF5A11009BB4B3 /* ViewController.m */,
				2C10533119EF5A11009BB4B3 /* Main.storyboard */,
				2C10533419EF5A11009BB4B3 /* Images.xcassets */,
				2C10533619EF5A11009BB4B3 /* LaunchScreen.xib */,
				2C10532719EF5A11009BB4B3 /* Supporting Files */,
				2C10534E19EF5C44009BB4B3 /* FileLog.h */,
				2C10534F19EF5C44009BB4B3 /* FileLog.m */,
			);
			path = FileLogger;
			sourceTree = "<group>";
		};
		2C10532719EF5A11009BB4B3 /* Supporting Files */ = {
			isa = PBXGroup;
			children = (
				2C10532819EF5A11009BB4B3 /* Info.plist */,
				2C10532919EF5A11009BB4B3 /* main.m */,
			);
			name = "Supporting Files";
			sourceTree = "<group>";
		};
		2C10534019EF5A11009BB4B3 /* FileLoggerTests */ = {
			isa = PBXGroup;
			children = (
				2C10534319EF5A11009BB4B3 /* FileLoggerTests.m */,
				2C10534119EF5A11009BB4B3 /* Supporting Files */,
			);
			path = FileLoggerTests;
			sourceTree = "<group>";
		};
		2C10534119EF5A11009BB4B3 /* Supporting Files */ = {
			isa = PBXGroup;
			children = (
				2C10534219EF5A11009BB4B3 /* Info.plist */,
			);
			name = "Supporting Files";
			sourceTree = "<group>";
		};
/* End PBXGroup section */

/* Begin PBXNativeTarget section */
		2C10532319EF5A11009BB4B3 /* FileLogger */ = {
			isa = PBXNativeTarget;
			buildConfigurationList = 2C10534719EF5A11009BB4B3 /* Build configuration list for PBXNativeTarget "FileLogger" */;
			buildPhases = (
				2C10532019EF5A11009BB4B3 /* Sources */,
				2C10532119EF5A11009BB4B3 /* Frameworks */,
				2C10532219EF5A11009BB4B3 /* Resources */,
			);
			buildRules = (
			);
			dependencies = (
			);
			name = FileLogger;
			productName = FileLogger;
			productReference = 2C10532419EF5A11009BB4B3 /* FileLogger.app */;
			productType = "com.apple.product-type.application";
		};
		2C10533C19EF5A11009BB4B3 /* FileLoggerTests */ = {
			isa = PBXNativeTarget;
			buildConfigurationList = 2C10534A19EF5A11009BB4B3 /* Build configuration list for PBXNativeTarget "FileLoggerTests" */;
			buildPhases = (
				2C10533919EF5A11009BB4B3 /* Sources */,
				2C10533A19EF5A11009BB4B3 /* Frameworks */,
				2C10533B19EF5A11009BB4B3 /* Resources */,
			);
			buildRules = (
			);
			dependencies = (
				2C10533F19EF5A11009BB4B3 /* PBXTargetDependency */,
			);
			name = FileLoggerTests;
			productName = FileLoggerTests;
			productReference = 2C10533D19EF5A11009BB4B3 /* FileLoggerTests.xctest */;
			productType = "com.apple.product-type.bundle.unit-test";
		};
/* End PBXNativeTarget section */

/* Begin PBXProject section */
		2C10531C19EF5A11009BB4B3 /* Project object */ = {
			isa = PBXProject;
			attributes = {
				LastUpgradeCheck = 0600;
				ORGANIZATIONNAME = "yenkai huang";
				TargetAttributes = {
					2C10532319EF5A11009BB4B3 = {
						CreatedOnToolsVersion = 6.0.1;
					};
					2C10533C19EF5A11009BB4B3 = {
						CreatedOnToolsVersion = 6.0.1;
						TestTargetID = 2C10532319EF5A11009BB4B3;
					};
				};
			};
			buildConfigurationList = 2C10531F19EF5A11009BB4B3 /* Build configuration list for PBXProject "FileLogger" */;
			compatibilityVersion = "Xcode 3.2";
			developmentRegion = English;
			hasScannedForEncodings = 0;
			knownRegions = (
				en,
				Base,
			);
			mainGroup = 2C10531B19EF5A11009BB4B3;
			productRefGroup = 2C10532519EF5A11009BB4B3 /* Products */;
			projectDirPath = "";
			projectRoot = "";
			targets = (
				2C10532319EF5A11009BB4B3 /* FileLogger */,
				2C10533C19EF5A11009BB4B3 /* FileLoggerTests */,
			);
		};
/* End PBXProject section */

/* Begin PBXResourcesBuildPhase section */
		2C10532219EF5A11009BB4B3 /* Resources */ = {
			isa = PBXResourcesBuildPhase;
			buildActionMask = 2147483647;
			files = (
				2C10533319EF5A11009BB4B3 /* Main.storyboard in Resources */,
				2C10533819EF5A11009BB4B3 /* LaunchScreen.xib in Resources */,
				2C10533519EF5A11009BB4B3 /* Images.xcassets in Resources */,
			);
			runOnlyForDeploymentPostprocessing = 0;
		};
		2C10533B19EF5A11009BB4B3 /* Resources */ = {
			isa = PBXResourcesBuildPhase;
			buildActionMask = 2147483647;
			files = (
			);
			runOnlyForDeploymentPostprocessing = 0;
		};
/* End PBXResourcesBuildPhase section */

/* Begin PBXSourcesBuildPhase section */
		2C10532019EF5A11009BB4B3 /* Sources */ = {
			isa = PBXSourcesBuildPhase;
			buildActionMask = 2147483647;
			files = (
				2C10533019EF5A11009BB4B3 /* ViewController.m in Sources */,
				2C10532D19EF5A11009BB4B3 /* AppDelegate.m in Sources */,
				2C10535019EF5C44009BB4B3 /* FileLog.m in Sources */,
				2C10532A19EF5A11009BB4B3 /* main.m in Sources */,
			);
			runOnlyForDeploymentPostprocessing = 0;
		};
		2C10533919EF5A11009BB4B3 /* Sources */ = {
			isa = PBXSourcesBuildPhase;
			buildActionMask = 2147483647;
			files = (
				2C10534419EF5A11009BB4B3 /* FileLoggerTests.m in Sources */,
			);
			runOnlyForDeploymentPostprocessing = 0;
		};
/* End PBXSourcesBuildPhase section */

/* Begin PBXTargetDependency section */
		2C10533F19EF5A11009BB4B3 /* PBXTargetDependency */ = {
			isa = PBXTargetDependency;
			target = 2C10532319EF5A11009BB4B3 /* FileLogger */;
			targetProxy = 2C10533E19EF5A11009BB4B3 /* PBXContainerItemProxy */;
		};
/* End PBXTargetDependency section */

/* Begin PBXVariantGroup section */
		2C10533119EF5A11009BB4B3 /* Main.storyboard */ = {
			isa = PBXVariantGroup;
			children = (
				2C10533219EF5A11009BB4B3 /* Base */,
			);
			name = Main.storyboard;
			sourceTree = "<group>";
		};
		2C10533619EF5A11009BB4B3 /* LaunchScreen.xib */ = {
			isa = PBXVariantGroup;
			children = (
				2C10533719EF5A11009BB4B3 /* Base */,
			);
			name = LaunchScreen.xib;
			sourceTree = "<group>";
		};
/* End PBXVariantGroup section */

/* Begin XCBuildConfiguration section */
		2C10534519EF5A11009BB4B3 /* Debug */ = {
			isa = XCBuildConfiguration;
			buildSettings = {
				ALWAYS_SEARCH_USER_PATHS = NO;
				CLANG_CXX_LANGUAGE_STANDARD = "gnu++0x";
				CLANG_CXX_LIBRARY = "libc++";
				CLANG_ENABLE_MODULES = YES;
				CLANG_ENABLE_OBJC_ARC = YES;
				CLANG_WARN_BOOL_CONVERSION = YES;
				CLANG_WARN_CONSTANT_CONVERSION = YES;
				CLANG_WARN_DIRECT_OBJC_ISA_USAGE = YES_ERROR;
				CLANG_WARN_EMPTY_BODY = YES;
				CLANG_WARN_ENUM_CONVERSION = YES;
				CLANG_WARN_INT_CONVERSION = YES;
				CLANG_WARN_OBJC_ROOT_CLASS = YES_ERROR;
				CLANG_WARN_UNREACHABLE_CODE = YES;
				CLANG_WARN__DUPLICATE_METHOD_MATCH = YES;
				"CODE_SIGN_IDENTITY[sdk=iphoneos*]" = "iPhone Developer";
				COPY_PHASE_STRIP = NO;
				ENABLE_STRICT_OBJC_MSGSEND = YES;
				GCC_C_LANGUAGE_STANDARD = gnu99;
				GCC_DYNAMIC_NO_PIC = NO;
				GCC_OPTIMIZATION_LEVEL = 0;
				GCC_PREPROCESSOR_DEFINITIONS = (
					"DEBUG=1",
					"$(inherited)",
				);
				GCC_SYMBOLS_PRIVATE_EXTERN = NO;
				GCC_WARN_64_TO_32_BIT_CONVERSION = YES;
				GCC_WARN_ABOUT_RETURN_TYPE = YES_ERROR;
				GCC_WARN_UNDECLARED_SELECTOR = YES;
				GCC_WARN_UNINITIALIZED_AUTOS = YES_AGGRESSIVE;
				GCC_WARN_UNUSED_FUNCTION = YES;
				GCC_WARN_UNUSED_VARIABLE = YES;
				IPHONEOS_DEPLOYMENT_TARGET = 8.0;
				MTL_ENABLE_DEBUG_INFO = YES;
				ONLY_ACTIVE_ARCH = YES;
				SDKROOT = iphoneos;
				TARGETED_DEVICE_FAMILY = "1,2";
			};
			name = Debug;
		};
		2C10534619EF5A11009BB4B3 /* Release */ = {
			isa = XCBuildConfiguration;
			buildSettings = {
				ALWAYS_SEARCH_USER_PATHS = NO;
				CLANG_CXX_LANGUAGE_STANDARD = "gnu++0x";
				CLANG_CXX_LIBRARY = "libc++";
				CLANG_ENABLE_MODULES = YES;
				CLANG_ENABLE_OBJC_ARC = YES;
				CLANG_WARN_BOOL_CONVERSION = YES;
				CLANG_WARN_CONSTANT_CONVERSION = YES;
				CLANG_WARN_DIRECT_OBJC_ISA_USAGE = YES_ERROR;
				CLANG_WARN_EMPTY_BODY = YES;
				CLANG_WARN_ENUM_CONVERSION = YES;
				CLANG_WARN_INT_CONVERSION = YES;
				CLANG_WARN_OBJC_ROOT_CLASS = YES_ERROR;
				CLANG_WARN_UNREACHABLE_CODE = YES;
				CLANG_WARN__DUPLICATE_METHOD_MATCH = YES;
				"CODE_SIGN_IDENTITY[sdk=iphoneos*]" = "iPhone Developer";
				COPY_PHASE_STRIP = YES;
				ENABLE_NS_ASSERTIONS = NO;
				ENABLE_STRICT_OBJC_MSGSEND = YES;
				GCC_C_LANGUAGE_STANDARD = gnu99;
				GCC_WARN_64_TO_32_BIT_CONVERSION = YES;
				GCC_WARN_ABOUT_RETURN_TYPE = YES_ERROR;
				GCC_WARN_UNDECLARED_SELECTOR = YES;
				GCC_WARN_UNINITIALIZED_AUTOS = YES_AGGRESSIVE;
				GCC_WARN_UNUSED_FUNCTION = YES;
				GCC_WARN_UNUSED_VARIABLE = YES;
				IPHONEOS_DEPLOYMENT_TARGET = 8.0;
				MTL_ENABLE_DEBUG_INFO = NO;
				SDKROOT = iphoneos;
				TARGETED_DEVICE_FAMILY = "1,2";
				VALIDATE_PRODUCT = YES;
			};
			name = Release;
		};
		2C10534819EF5A11009BB4B3 /* Debug */ = {
			isa = XCBuildConfiguration;
			buildSettings = {
				ASSETCATALOG_COMPILER_APPICON_NAME = AppIcon;
				INFOPLIST_FILE = FileLogger/Info.plist;
				LD_RUNPATH_SEARCH_PATHS = "$(inherited) @executable_path/Frameworks";
				PRODUCT_NAME = "$(TARGET_NAME)";
			};
			name = Debug;
		};
		2C10534919EF5A11009BB4B3 /* Release */ = {
			isa = XCBuildConfiguration;
			buildSettings = {
				ASSETCATALOG_COMPILER_APPICON_NAME = AppIcon;
				INFOPLIST_FILE = FileLogger/Info.plist;
				LD_RUNPATH_SEARCH_PATHS = "$(inherited) @executable_path/Frameworks";
				PRODUCT_NAME = "$(TARGET_NAME)";
			};
			name = Release;
		};
		2C10534B19EF5A11009BB4B3 /* Debug */ = {
			isa = XCBuildConfiguration;
			buildSettings = {
				BUNDLE_LOADER = "$(TEST_HOST)";
				FRAMEWORK_SEARCH_PATHS = (
					"$(SDKROOT)/Developer/Library/Frameworks",
					"$(inherited)",
				);
				GCC_PREPROCESSOR_DEFINITIONS = (
					"DEBUG=1",
					"$(inherited)",
				);
				INFOPLIST_FILE = FileLoggerTests/Info.plist;
				LD_RUNPATH_SEARCH_PATHS = "$(inherited) @executable_path/Frameworks @loader_path/Frameworks";
				PRODUCT_NAME = "$(TARGET_NAME)";
				TEST_HOST = "$(BUILT_PRODUCTS_DIR)/FileLogger.app/FileLogger";
			};
			name = Debug;
		};
		2C10534C19EF5A11009BB4B3 /* Release */ = {
			isa = XCBuildConfiguration;
			buildSettings = {
				BUNDLE_LOADER = "$(TEST_HOST)";
				FRAMEWORK_SEARCH_PATHS = (
					"$(SDKROOT)/Developer/Library/Frameworks",
					"$(inherited)",
				);
				INFOPLIST_FILE = FileLoggerTests/Info.plist;
				LD_RUNPATH_SEARCH_PATHS = "$(inherited) @executable_path/Frameworks @loader_path/Frameworks";
				PRODUCT_NAME = "$(TARGET_NAME)";
				TEST_HOST = "$(BUILT_PRODUCTS_DIR)/FileLogger.app/FileLogger";
			};
			name = Release;
		};
/* End XCBuildConfiguration section */

/* Begin XCConfigurationList section */
		2C10531F19EF5A11009BB4B3 /* Build configuration list for PBXProject "FileLogger" */ = {
			isa = XCConfigurationList;
			buildConfigurations = (
				2C10534519EF5A11009BB4B3 /* Debug */,
				2C10534619EF5A11009BB4B3 /* Release */,
			);
			defaultConfigurationIsVisible = 0;
			defaultConfigurationName = Release;
		};
		2C10534719EF5A11009BB4B3 /* Build configuration list for PBXNativeTarget "FileLogger" */ = {
			isa = XCConfigurationList;
			buildConfigurations = (
				2C10534819EF5A11009BB4B3 /* Debug */,
				2C10534919EF5A11009BB4B3 /* Release */,
			);
			defaultConfigurationIsVisible = 0;
		};
		2C10534A19EF5A11009BB4B3 /* Build configuration list for PBXNativeTarget "FileLoggerTests" */ = {
			isa = XCConfigurationList;
			buildConfigurations = (
				2C10534B19EF5A11009BB4B3 /* Debug */,
				2C10534C19EF5A11009BB4B3 /* Release */,
			);
			defaultConfigurationIsVisible = 0;
		};
/* End XCConfigurationList section */
	};
	rootObject = 2C10531C19EF5A11009BB4B3 /* Project object */;
}
